
Microsoft Visual Studio Solution File, Format Version 12.00
# Visual Studio 15
VisualStudioVersion = 15.0.27703.2042
MinimumVisualStudioVersion = 10.0.40219.1
Project("{FAE04EC0-301F-11D3-BF4B-00C04F79EFBC}") = "AppointmentHub", "AppointmentHub\AppointmentHub.csproj", "{91A79541-6EA7-443B-B3C9-AA76B29BD32C}"
EndProject
Project("{FAE04EC0-301F-11D3-BF4B-00C04F79EFBC}") = "AppointmentHub.Tests", "AppointmentHub.Tests\AppointmentHub.Tests.csproj", "{60712F91-FC64-4043-B1A5-4B166595214C}"
EndProject
Global
	GlobalSection(SolutionConfigurationPlatforms) = preSolution
		Debug|Any CPU = Debug|Any CPU
		Release|Any CPU = Release|Any CPU
	EndGlobalSection
	GlobalSection(ProjectConfigurationPlatforms) = postSolution
		{91A79541-6EA7-443B-B3C9-AA76B29BD32C}.Debug|Any CPU.ActiveCfg = Debug|Any CPU
		{91A79541-6EA7-443B-B3C9-AA76B29BD32C}.Debug|Any CPU.Build.0 = Debug|Any CPU
		{91A79541-6EA7-443B-B3C9-AA76B29BD32C}.Release|Any CPU.ActiveCfg = Release|Any CPU
		{91A79541-6EA7-443B-B3C9-AA76B29BD32C}.Release|Any CPU.Build.0 = Release|Any CPU
		{60712F91-FC64-4043-B1A5-4B166595214C}.Debug|Any CPU.ActiveCfg = Debug|Any CPU
		{60712F91-FC64-4043-B1A5-4B166595214C}.Debug|Any CPU.Build.0 = Debug|Any CPU
		{60712F91-FC64-4043-B1A5-4B166595214C}.Release|Any CPU.ActiveCfg = Release|Any CPU
		{60712F91-FC64-4043-B1A5-4B166595214C}.Release|Any CPU.Build.0 = Release|Any CPU
	EndGlobalSection
	GlobalSection(SolutionProperties) = preSolution
		HideSolutionNode = FALSE
	EndGlobalSection
	GlobalSection(ExtensibilityGlobals) = postSolution
		SolutionGuid = {0438DBB4-4137-417E-80DF-2A6A4C9A7A0A}
	EndGlobalSection
	GlobalSection(TeamFoundationVersionControl) = preSolution
		SccNumberOfProjects = 3
		SccEnterpriseProvider = {4CA58AB2-18FA-4F8D-95D4-32DDF27D184C}
		SccTeamFoundationServer = https://ljhill667.visualstudio.com/
		SccLocalPath0 = .
		SccProjectUniqueName1 = AppointmentHub.Tests\\AppointmentHub.Tests.csproj
		SccProjectName1 = AppointmentHub.Tests
		SccLocalPath1 = AppointmentHub.Tests
		SccProjectUniqueName2 = AppointmentHub\\AppointmentHub.csproj
		SccProjectName2 = AppointmentHub
		SccLocalPath2 = AppointmentHub
	EndGlobalSection
EndGlobal
